
Microsoft Visual Studio Solution File, Format Version 12.00
# Visual Studio 15
VisualStudioVersion = 15.0.26228.4
MinimumVisualStudioVersion = 10.0.40219.1
Project("{FAE04EC0-301F-11D3-BF4B-00C04F79EFBC}") = "test06", "test06.csproj", "{0562D473-DCB3-471B-A71C-C5F9D3D16758}"
EndProject
Global
	GlobalSection(SolutionConfigurationPlatforms) = preSolution
		Debug|Any CPU = Debug|Any CPU
		Release|Any CPU = Release|Any CPU
	EndGlobalSection
	GlobalSection(ProjectConfigurationPlatforms) = postSolution
		{0562D473-DCB3-471B-A71C-C5F9D3D16758}.Debug|Any CPU.ActiveCfg = Debug|Any CPU
		{0562D473-DCB3-471B-A71C-C5F9D3D16758}.Debug|Any CPU.Build.0 = Debug|Any CPU
		{0562D473-DCB3-471B-A71C-C5F9D3D16758}.Release|Any CPU.ActiveCfg = Release|Any CPU
		{0562D473-DCB3-471B-A71C-C5F9D3D16758}.Release|Any CPU.Build.0 = Release|Any CPU
	EndGlobalSection
	GlobalSection(SolutionProperties) = preSolution
		HideSolutionNode = FALSE
	EndGlobalSection
EndGlobal
